
Microsoft Visual Studio Solution File, Format Version 12.00
# Visual Studio Version 17
VisualStudioVersion = 17.10.35027.167
MinimumVisualStudioVersion = 10.0.40219.1
Project("{FAE04EC0-301F-11D3-BF4B-00C04F79EFBC}") = "SynchronizationWithDotmim.Sync", "SynchronizationWithDotmim.Sync\SynchronizationWithDotmim.Sync.csproj", "{C866C893-F53D-4421-9B79-737A5F071EB7}"
EndProject
Global
	GlobalSection(SolutionConfigurationPlatforms) = preSolution
		Debug|Any CPU = Debug|Any CPU
		Release|Any CPU = Release|Any CPU
	EndGlobalSection
	GlobalSection(ProjectConfigurationPlatforms) = postSolution
		{C866C893-F53D-4421-9B79-737A5F071EB7}.Debug|Any CPU.ActiveCfg = Debug|Any CPU
		{C866C893-F53D-4421-9B79-737A5F071EB7}.Debug|Any CPU.Build.0 = Debug|Any CPU
		{C866C893-F53D-4421-9B79-737A5F071EB7}.Release|Any CPU.ActiveCfg = Release|Any CPU
		{C866C893-F53D-4421-9B79-737A5F071EB7}.Release|Any CPU.Build.0 = Release|Any CPU
	EndGlobalSection
	GlobalSection(SolutionProperties) = preSolution
		HideSolutionNode = FALSE
	EndGlobalSection
	GlobalSection(ExtensibilityGlobals) = postSolution
		SolutionGuid = {C3B7A138-BFBD-4B1B-8147-6B2BD0F74AC3}
	EndGlobalSection
EndGlobal
